
Microsoft Visual Studio Solution File, Format Version 12.00
# Visual Studio Version 17
VisualStudioVersion = 17.4.33122.133
MinimumVisualStudioVersion = 10.0.40219.1
Project("{FAE04EC0-301F-11D3-BF4B-00C04F79EFBC}") = "AdventOfCode", "AdventOfCode\AdventOfCode.csproj", "{0C394D61-0B72-48EC-A3C5-F7B28F72BBA6}"
EndProject
Project("{FAE04EC0-301F-11D3-BF4B-00C04F79EFBC}") = "AdventOfCode.Tests", "AdventOfCode.Tests\AdventOfCode.Tests.csproj", "{39FF10C0-5F13-401B-B76E-6056859FD819}"
EndProject
Global
	GlobalSection(SolutionConfigurationPlatforms) = preSolution
		Debug|Any CPU = Debug|Any CPU
		Release|Any CPU = Release|Any CPU
	EndGlobalSection
	GlobalSection(ProjectConfigurationPlatforms) = postSolution
		{0C394D61-0B72-48EC-A3C5-F7B28F72BBA6}.Debug|Any CPU.ActiveCfg = Debug|Any CPU
		{0C394D61-0B72-48EC-A3C5-F7B28F72BBA6}.Debug|Any CPU.Build.0 = Debug|Any CPU
		{0C394D61-0B72-48EC-A3C5-F7B28F72BBA6}.Release|Any CPU.ActiveCfg = Release|Any CPU
		{0C394D61-0B72-48EC-A3C5-F7B28F72BBA6}.Release|Any CPU.Build.0 = Release|Any CPU
		{39FF10C0-5F13-401B-B76E-6056859FD819}.Debug|Any CPU.ActiveCfg = Debug|Any CPU
		{39FF10C0-5F13-401B-B76E-6056859FD819}.Debug|Any CPU.Build.0 = Debug|Any CPU
		{39FF10C0-5F13-401B-B76E-6056859FD819}.Release|Any CPU.ActiveCfg = Release|Any CPU
		{39FF10C0-5F13-401B-B76E-6056859FD819}.Release|Any CPU.Build.0 = Release|Any CPU
	EndGlobalSection
	GlobalSection(SolutionProperties) = preSolution
		HideSolutionNode = FALSE
	EndGlobalSection
	GlobalSection(ExtensibilityGlobals) = postSolution
		SolutionGuid = {40D42A57-A574-4B13-BB8F-3CA3FF7ED97C}
	EndGlobalSection
EndGlobal
